{"_meta":{"file-type":"spack-lockfile","lockfile-version":6,"specfile-version":5},"spack":{"version":"1.1.0.dev0","type":"git","commit":"2c324326aef3a00e42a5665b0d2c470b06a82b8f"},"roots":[{"hash":"jfx7ok5pjfigwd7chkp3myhrqgmn565p","spec":"eigen@3.4"},{"hash":"y2xjskgxyxp4bc2sw6pecncb5dzohkg5","spec":"cuda"},{"hash":"47aecsvim5elidtpsjnomxlitxmrgupp","spec":"catch2@3"},{"hash":"qsopenf2wgyylvdjvi576lfksq3nqzih","spec":"cmake"}],"concrete_specs":{"jfx7ok5pjfigwd7chkp3myhrqgmn565p":{"name":"eigen","version":"3.4.0","arch":{"platform":"linux","platform_os":"ubuntu24.04","target":"x86_64"},"namespace":"builtin","parameters":{"build_system":"cmake","build_type":"RelWithDebInfo","generator":"make","ipo":false,"nightly":false,"rocm":false,"cflags":[],"cppflags":[],"cxxflags":[],"fflags":[],"ldflags":[],"ldlibs":[]},"package_hash":"ggb23tivzjnufy774uxjtugtvnyifwytnn3fydouex3ibtxgmzfa====","dependencies":[{"name":"cmake","hash":"qsopenf2wgyylvdjvi576lfksq3nqzih","parameters":{"deptypes":["build"],"virtuals":[]}},{"name":"compiler-wrapper","hash":"adr4m722sut3yibwgl2ehvjbtuzeozzm","parameters":{"deptypes":["build"],"virtuals":[]}},{"name":"gcc","hash":"4zzwsjhxf55wvg4rpfoefqnhxdhhkepn","parameters":{"deptypes":["build"],"virtuals":["c","cxx"]}},{"name":"gcc-runtime","hash":"swzzlz3ox4kierj7njngro53kixbpke2","parameters":{"deptypes":["link"],"virtuals":[]}},{"name":"glibc","hash":"thy5vqoaouxdwkh5hofjegtbqsl7r25d","parameters":{"deptypes":["link"],"virtuals":["libc"]}},{"name":"gmake","hash":"jepm6yyu5xaigwgyedmkyir34nofvkcm","parameters":{"deptypes":["build"],"virtuals":[]}}],"annotations":{"original_specfile_version":5},"hash":"jfx7ok5pjfigwd7chkp3myhrqgmn565p"},"qsopenf2wgyylvdjvi576lfksq3nqzih":{"name":"cmake","version":"3.31.8","arch":{"platform":"linux","platform_os":"ubuntu24.04","target":"x86_64"},"namespace":"builtin","parameters":{"build_system":"generic","build_type":"Release","doc":false,"ncurses":true,"ownlibs":true,"qtgui":false,"cflags":[],"cppflags":[],"cxxflags":[],"fflags":[],"ldflags":[],"ldlibs":[]},"package_hash":"6bgxxh5z37foz6b2pkpou65tucfme4y7m54i4p3f4pfyvck3iiwa====","dependencies":[{"name":"compiler-wrapper","hash":"adr4m722sut3yibwgl2ehvjbtuzeozzm","parameters":{"deptypes":["build"],"virtuals":[]}},{"name":"curl","hash":"zb5unwhwrqbmd3u6gxvkm7pteusf3fmh","parameters":{"deptypes":["build","link"],"virtuals":[]}},{"name":"gcc","hash":"4zzwsjhxf55wvg4rpfoefqnhxdhhkepn","parameters":{"deptypes":["build"],"virtuals":["c","cxx"]}},{"name":"gcc-runtime","hash":"swzzlz3ox4kierj7njngro53kixbpke2","parameters":{"deptypes":["link"],"virtuals":[]}},{"name":"glibc","hash":"thy5vqoaouxdwkh5hofjegtbqsl7r25d","parameters":{"deptypes":["link"],"virtuals":["libc"]}},{"name":"gmake","hash":"jepm6yyu5xaigwgyedmkyir34nofvkcm","parameters":{"deptypes":["build","run"],"virtuals":[]}},{"name":"ncurses","hash":"xnomw4pvbntpkyngshwxi5pqu4q6qq3b","parameters":{"deptypes":["build","link"],"virtuals":[]}},{"name":"zlib-ng","hash":"qcvktu2ekkzryfalsefferoyrezj3gkb","parameters":{"deptypes":["build","link"],"virtuals":["zlib-api"]}}],"annotations":{"original_specfile_version":5},"hash":"qsopenf2wgyylvdjvi576lfksq3nqzih"},"adr4m722sut3yibwgl2ehvjbtuzeozzm":{"name":"compiler-wrapper","version":"1.0","arch":{"platform":"linux","platform_os":"ubuntu24.04","target":"x86_64"},"namespace":"builtin","parameters":{"build_system":"generic","cflags":[],"cppflags":[],"cxxflags":[],"fflags":[],"ldflags":[],"ldlibs":[]},"package_hash":"vohu4wrffrhvsd4padcnlwdcmpwpqei4nzeytzsmkgxsl4cslfxq====","annotations":{"original_specfile_version":5},"hash":"adr4m722sut3yibwgl2ehvjbtuzeozzm"},"zb5unwhwrqbmd3u6gxvkm7pteusf3fmh":{"name":"curl","version":"8.15.0","arch":{"platform":"linux","platform_os":"ubuntu24.04","target":"x86_64"},"namespace":"builtin","parameters":{"build_system":"autotools","gssapi":false,"ldap":false,"libidn2":false,"librtmp":false,"libs":["shared","static"],"libssh":false,"libssh2":false,"nghttp2":true,"tls":["openssl"],"cflags":[],"cppflags":[],"cxxflags":[],"fflags":[],"ldflags":[],"ldlibs":[]},"package_hash":"xe5i2rokqs2ayzzcooqbduhjyrvoxx2irguwnlwzxk5wz35mvfba====","dependencies":[{"name":"compiler-wrapper","hash":"adr4m722sut3yibwgl2ehvjbtuzeozzm","parameters":{"deptypes":["build"],"virtuals":[]}},{"name":"gcc","hash":"4zzwsjhxf55wvg4rpfoefqnhxdhhkepn","parameters":{"deptypes":["build"],"virtuals":["c","cxx"]}},{"name":"gcc-runtime","hash":"swzzlz3ox4kierj7njngro53kixbpke2","parameters":{"deptypes":["link"],"virtuals":[]}},{"name":"glibc","hash":"thy5vqoaouxdwkh5hofjegtbqsl7r25d","parameters":{"deptypes":["link"],"virtuals":["libc"]}},{"name":"gmake","hash":"jepm6yyu5xaigwgyedmkyir34nofvkcm","parameters":{"deptypes":["build"],"virtuals":[]}},{"name":"nghttp2","hash":"bog4bnbmpmoo3pf75t3hqm2klbwdvwaj","parameters":{"deptypes":["build","link"],"virtuals":[]}},{"name":"openssl","hash":"jxa4k45hgl25gl6r5fxucqz6q3upymos","parameters":{"deptypes":["build","link"],"virtuals":[]}},{"name":"perl","hash":"yuhkuelvs3vg62iy5p2dm354jhu2ouis","parameters":{"deptypes":["build"],"virtuals":[]}},{"name":"pkgconf","hash":"y6s22357tis2z56z4d4lafxkwozvztpg","parameters":{"deptypes":["build"],"virtuals":["pkgconfig"]}},{"name":"zlib-ng","hash":"qcvktu2ekkzryfalsefferoyrezj3gkb","parameters":{"deptypes":["build","link"],"virtuals":["zlib-api"]}}],"annotations":{"original_specfile_version":5},"hash":"zb5unwhwrqbmd3u6gxvkm7pteusf3fmh"},"4zzwsjhxf55wvg4rpfoefqnhxdhhkepn":{"name":"gcc","version":"13.3.0","arch":{"platform":"linux","platform_os":"ubuntu24.04","target":"x86_64"},"namespace":"builtin","parameters":{"binutils":false,"bootstrap":true,"build_system":"autotools","build_type":"RelWithDebInfo","graphite":false,"languages":["c","c++","fortran"],"mold":false,"nvptx":false,"piclibs":false,"profiled":false,"strip":false,"cflags":[],"cppflags":[],"cxxflags":[],"fflags":[],"ldflags":[],"ldlibs":[]},"external":{"path":"/usr","module":null,"extra_attributes":{"compilers":{"c":"/usr/bin/gcc-13","cxx":"/usr/bin/g++-13","fortran":"/usr/bin/gfortran"}}},"package_hash":"rmpc4gpj5qe2oeoqe5vxa2dqrvf4dznbzkzctftxcc4iiqbrxyca====","annotations":{"original_specfile_version":5},"hash":"4zzwsjhxf55wvg4rpfoefqnhxdhhkepn"},"swzzlz3ox4kierj7njngro53kixbpke2":{"name":"gcc-runtime","version":"13.3.0","arch":{"platform":"linux","platform_os":"ubuntu24.04","target":"x86_64"},"namespace":"builtin","parameters":{"build_system":"generic","cflags":[],"cppflags":[],"cxxflags":[],"fflags":[],"ldflags":[],"ldlibs":[]},"package_hash":"q2rk2ibjyixyovjks3huspa2gqfkl7b2q2l4efx54262chl3icjq====","dependencies":[{"name":"gcc","hash":"4zzwsjhxf55wvg4rpfoefqnhxdhhkepn","parameters":{"deptypes":["build"],"virtuals":[]}},{"name":"glibc","hash":"thy5vqoaouxdwkh5hofjegtbqsl7r25d","parameters":{"deptypes":["link"],"virtuals":["libc"]}}],"annotations":{"original_specfile_version":5},"hash":"swzzlz3ox4kierj7njngro53kixbpke2"},"thy5vqoaouxdwkh5hofjegtbqsl7r25d":{"name":"glibc","version":"2.39","arch":{"platform":"linux","platform_os":"ubuntu24.04","target":"x86_64"},"namespace":"builtin","parameters":{"build_system":"autotools","cflags":[],"cppflags":[],"cxxflags":[],"fflags":[],"ldflags":[],"ldlibs":[]},"external":{"path":"/usr","module":null,"extra_attributes":{}},"package_hash":"uykmboa2sw2jkcgvgh6ywrvd7l2m6puhzhzdljklfme6w6agh6ia====","annotations":{"original_specfile_version":5},"hash":"thy5vqoaouxdwkh5hofjegtbqsl7r25d"},"jepm6yyu5xaigwgyedmkyir34nofvkcm":{"name":"gmake","version":"4.4.1","arch":{"platform":"linux","platform_os":"ubuntu24.04","target":"x86_64"},"namespace":"builtin","parameters":{"build_system":"generic","guile":false,"cflags":[],"cppflags":[],"cxxflags":[],"fflags":[],"ldflags":[],"ldlibs":[]},"package_hash":"h2dsagusnktgdqtmrkidm6otgpj3lzpu4yczjxl77l5i3ckinszq====","dependencies":[{"name":"compiler-wrapper","hash":"adr4m722sut3yibwgl2ehvjbtuzeozzm","parameters":{"deptypes":["build"],"virtuals":[]}},{"name":"gcc","hash":"4zzwsjhxf55wvg4rpfoefqnhxdhhkepn","parameters":{"deptypes":["build"],"virtuals":["c"]}},{"name":"gcc-runtime","hash":"swzzlz3ox4kierj7njngro53kixbpke2","parameters":{"deptypes":["link"],"virtuals":[]}},{"name":"glibc","hash":"thy5vqoaouxdwkh5hofjegtbqsl7r25d","parameters":{"deptypes":["link"],"virtuals":["libc"]}}],"annotations":{"original_specfile_version":5},"hash":"jepm6yyu5xaigwgyedmkyir34nofvkcm"},"bog4bnbmpmoo3pf75t3hqm2klbwdvwaj":{"name":"nghttp2","version":"1.65.0","arch":{"platform":"linux","platform_os":"ubuntu24.04","target":"x86_64"},"namespace":"builtin","parameters":{"build_system":"autotools","cflags":[],"cppflags":[],"cxxflags":[],"fflags":[],"ldflags":[],"ldlibs":[]},"package_hash":"f5vtvrfywxpzvpdxctg6svt5r5b5ln55jplpknobdsbaeeyv4lza====","dependencies":[{"name":"compiler-wrapper","hash":"adr4m722sut3yibwgl2ehvjbtuzeozzm","parameters":{"deptypes":["build"],"virtuals":[]}},{"name":"diffutils","hash":"omessfs4aynqrdutkragscfrf6gmszqo","parameters":{"deptypes":["build"],"virtuals":[]}},{"name":"gcc","hash":"4zzwsjhxf55wvg4rpfoefqnhxdhhkepn","parameters":{"deptypes":["build"],"virtuals":["c","cxx"]}},{"name":"gcc-runtime","hash":"swzzlz3ox4kierj7njngro53kixbpke2","parameters":{"deptypes":["link"],"virtuals":[]}},{"name":"glibc","hash":"thy5vqoaouxdwkh5hofjegtbqsl7r25d","parameters":{"deptypes":["link"],"virtuals":["libc"]}},{"name":"gmake","hash":"jepm6yyu5xaigwgyedmkyir34nofvkcm","parameters":{"deptypes":["build"],"virtuals":[]}},{"name":"pkgconf","hash":"y6s22357tis2z56z4d4lafxkwozvztpg","parameters":{"deptypes":["build"],"virtuals":["pkgconfig"]}}],"annotations":{"original_specfile_version":5},"hash":"bog4bnbmpmoo3pf75t3hqm2klbwdvwaj"},"omessfs4aynqrdutkragscfrf6gmszqo":{"name":"diffutils","version":"3.10","arch":{"platform":"linux","platform_os":"ubuntu24.04","target":"x86_64"},"namespace":"builtin","parameters":{"build_system":"autotools","cflags":[],"cppflags":[],"cxxflags":[],"fflags":[],"ldflags":[],"ldlibs":[]},"package_hash":"kf4cloz7zpbeu3sozbbx4xikot25nctbgri6mvwgq23snw55nhoq====","dependencies":[{"name":"compiler-wrapper","hash":"adr4m722sut3yibwgl2ehvjbtuzeozzm","parameters":{"deptypes":["build"],"virtuals":[]}},{"name":"gcc","hash":"4zzwsjhxf55wvg4rpfoefqnhxdhhkepn","parameters":{"deptypes":["build"],"virtuals":["c"]}},{"name":"gcc-runtime","hash":"swzzlz3ox4kierj7njngro53kixbpke2","parameters":{"deptypes":["link"],"virtuals":[]}},{"name":"glibc","hash":"thy5vqoaouxdwkh5hofjegtbqsl7r25d","parameters":{"deptypes":["link"],"virtuals":["libc"]}},{"name":"gmake","hash":"jepm6yyu5xaigwgyedmkyir34nofvkcm","parameters":{"deptypes":["build"],"virtuals":[]}},{"name":"libiconv","hash":"fbonnn6naeywugcythl7bxawgmbgriyl","parameters":{"deptypes":["build","link"],"virtuals":["iconv"]}}],"annotations":{"original_specfile_version":5},"hash":"omessfs4aynqrdutkragscfrf6gmszqo"},"fbonnn6naeywugcythl7bxawgmbgriyl":{"name":"libiconv","version":"1.18","arch":{"platform":"linux","platform_os":"ubuntu24.04","target":"x86_64"},"namespace":"builtin","parameters":{"build_system":"autotools","libs":["shared","static"],"cflags":[],"cppflags":[],"cxxflags":[],"fflags":[],"ldflags":[],"ldlibs":[]},"package_hash":"57qcdp5r3pkdlzpwspvufc6ojs26lglepl3zchdj4qaq6s4izg3a====","dependencies":[{"name":"compiler-wrapper","hash":"adr4m722sut3yibwgl2ehvjbtuzeozzm","parameters":{"deptypes":["build"],"virtuals":[]}},{"name":"gcc","hash":"4zzwsjhxf55wvg4rpfoefqnhxdhhkepn","parameters":{"deptypes":["build"],"virtuals":["c"]}},{"name":"gcc-runtime","hash":"swzzlz3ox4kierj7njngro53kixbpke2","parameters":{"deptypes":["link"],"virtuals":[]}},{"name":"glibc","hash":"thy5vqoaouxdwkh5hofjegtbqsl7r25d","parameters":{"deptypes":["link"],"virtuals":["libc"]}},{"name":"gmake","hash":"jepm6yyu5xaigwgyedmkyir34nofvkcm","parameters":{"deptypes":["build"],"virtuals":[]}}],"annotations":{"original_specfile_version":5},"hash":"fbonnn6naeywugcythl7bxawgmbgriyl"},"y6s22357tis2z56z4d4lafxkwozvztpg":{"name":"pkgconf","version":"2.5.1","arch":{"platform":"linux","platform_os":"ubuntu24.04","target":"x86_64"},"namespace":"builtin","parameters":{"build_system":"autotools","cflags":[],"cppflags":[],"cxxflags":[],"fflags":[],"ldflags":[],"ldlibs":[]},"package_hash":"o6vd55gzw74grnmg4yrt3smyrtsshssqjvxsqbchcjimkv2nkysa====","dependencies":[{"name":"compiler-wrapper","hash":"adr4m722sut3yibwgl2ehvjbtuzeozzm","parameters":{"deptypes":["build"],"virtuals":[]}},{"name":"gcc","hash":"4zzwsjhxf55wvg4rpfoefqnhxdhhkepn","parameters":{"deptypes":["build"],"virtuals":["c"]}},{"name":"gcc-runtime","hash":"swzzlz3ox4kierj7njngro53kixbpke2","parameters":{"deptypes":["link"],"virtuals":[]}},{"name":"glibc","hash":"thy5vqoaouxdwkh5hofjegtbqsl7r25d","parameters":{"deptypes":["link"],"virtuals":["libc"]}},{"name":"gmake","hash":"jepm6yyu5xaigwgyedmkyir34nofvkcm","parameters":{"deptypes":["build"],"virtuals":[]}}],"annotations":{"original_specfile_version":5},"hash":"y6s22357tis2z56z4d4lafxkwozvztpg"},"jxa4k45hgl25gl6r5fxucqz6q3upymos":{"name":"openssl","version":"3.4.1","arch":{"platform":"linux","platform_os":"ubuntu24.04","target":"x86_64"},"namespace":"builtin","parameters":{"build_system":"generic","certs":"mozilla","docs":false,"shared":true,"cflags":[],"cppflags":[],"cxxflags":[],"fflags":[],"ldflags":[],"ldlibs":[]},"package_hash":"vudyirll2t54l73thtetqb2puaxgasyw6f7pd7yrlprm6iteijxq====","dependencies":[{"name":"ca-certificates-mozilla","hash":"6cgpb6ytmln3jxrnkeqhq4vzzqki6mys","parameters":{"deptypes":["build"],"virtuals":[]}},{"name":"compiler-wrapper","hash":"adr4m722sut3yibwgl2ehvjbtuzeozzm","parameters":{"deptypes":["build"],"virtuals":[]}},{"name":"gcc","hash":"4zzwsjhxf55wvg4rpfoefqnhxdhhkepn","parameters":{"deptypes":["build"],"virtuals":["c","cxx"]}},{"name":"gcc-runtime","hash":"swzzlz3ox4kierj7njngro53kixbpke2","parameters":{"deptypes":["link"],"virtuals":[]}},{"name":"glibc","hash":"thy5vqoaouxdwkh5hofjegtbqsl7r25d","parameters":{"deptypes":["link"],"virtuals":["libc"]}},{"name":"gmake","hash":"jepm6yyu5xaigwgyedmkyir34nofvkcm","parameters":{"deptypes":["build"],"virtuals":[]}},{"name":"perl","hash":"yuhkuelvs3vg62iy5p2dm354jhu2ouis","parameters":{"deptypes":["build"],"virtuals":[]}},{"name":"zlib-ng","hash":"qcvktu2ekkzryfalsefferoyrezj3gkb","parameters":{"deptypes":["build","link"],"virtuals":["zlib-api"]}}],"annotations":{"original_specfile_version":5},"hash":"jxa4k45hgl25gl6r5fxucqz6q3upymos"},"6cgpb6ytmln3jxrnkeqhq4vzzqki6mys":{"name":"ca-certificates-mozilla","version":"2025-05-20","arch":{"platform":"linux","platform_os":"ubuntu24.04","target":"x86_64"},"namespace":"builtin","parameters":{"build_system":"generic","cflags":[],"cppflags":[],"cxxflags":[],"fflags":[],"ldflags":[],"ldlibs":[]},"package_hash":"nb6lb7j6lhuedxkx2sjej2shho6nmaefuhqfrtzphp3zcgmvkgaa====","annotations":{"original_specfile_version":5},"hash":"6cgpb6ytmln3jxrnkeqhq4vzzqki6mys"},"yuhkuelvs3vg62iy5p2dm354jhu2ouis":{"name":"perl","version":"5.42.0","arch":{"platform":"linux","platform_os":"ubuntu24.04","target":"x86_64"},"namespace":"builtin","parameters":{"build_system":"generic","cpanm":true,"opcode":true,"open":true,"shared":true,"threads":true,"cflags":[],"cppflags":[],"cxxflags":[],"fflags":[],"ldflags":[],"ldlibs":[]},"package_hash":"ebmmblxks7kalf336sgcphbt27ei3676t5zezrndywt3ga3gqgbq====","dependencies":[{"name":"berkeley-db","hash":"ktdh5q2seehihqwgpzldnqmzenmy3re7","parameters":{"deptypes":["build","link"],"virtuals":[]}},{"name":"bzip2","hash":"26busrpemuzmf2igv2xzyt72hacdcf66","parameters":{"deptypes":["build","link"],"virtuals":[]}},{"name":"compiler-wrapper","hash":"adr4m722sut3yibwgl2ehvjbtuzeozzm","parameters":{"deptypes":["build"],"virtuals":[]}},{"name":"gcc","hash":"4zzwsjhxf55wvg4rpfoefqnhxdhhkepn","parameters":{"deptypes":["build"],"virtuals":["c"]}},{"name":"gcc-runtime","hash":"swzzlz3ox4kierj7njngro53kixbpke2","parameters":{"deptypes":["link"],"virtuals":[]}},{"name":"gdbm","hash":"cp4nlnxqdsgfmavauhx3wf6g25ukmcej","parameters":{"deptypes":["build","link"],"virtuals":[]}},{"name":"glibc","hash":"thy5vqoaouxdwkh5hofjegtbqsl7r25d","parameters":{"deptypes":["link"],"virtuals":["libc"]}},{"name":"gmake","hash":"jepm6yyu5xaigwgyedmkyir34nofvkcm","parameters":{"deptypes":["build"],"virtuals":[]}},{"name":"zlib-ng","hash":"qcvktu2ekkzryfalsefferoyrezj3gkb","parameters":{"deptypes":["build","link"],"virtuals":["zlib-api"]}}],"annotations":{"original_specfile_version":5},"hash":"yuhkuelvs3vg62iy5p2dm354jhu2ouis"},"ktdh5q2seehihqwgpzldnqmzenmy3re7":{"name":"berkeley-db","version":"18.1.40","arch":{"platform":"linux","platform_os":"ubuntu24.04","target":"x86_64"},"namespace":"builtin","parameters":{"build_system":"autotools","cxx":true,"docs":false,"patches":["26090f418891757af46ac3b89a9f43d6eb5989f7a3dce3d1cfc99fba547203b3","b231fcc4d5cff05e5c3a4814f6a5af0e9a966428dc2176540d2c05aff41de522"],"stl":true,"cflags":[],"cppflags":[],"cxxflags":[],"fflags":[],"ldflags":[],"ldlibs":[]},"patches":["b231fcc4d5cff05e5c3a4814f6a5af0e9a966428dc2176540d2c05aff41de522","26090f418891757af46ac3b89a9f43d6eb5989f7a3dce3d1cfc99fba547203b3"],"package_hash":"rct4ah5bcdhvxavbhoendusmbpvunpuv6fescvss7thvjca4ohca====","dependencies":[{"name":"compiler-wrapper","hash":"adr4m722sut3yibwgl2ehvjbtuzeozzm","parameters":{"deptypes":["build"],"virtuals":[]}},{"name":"gcc","hash":"4zzwsjhxf55wvg4rpfoefqnhxdhhkepn","parameters":{"deptypes":["build"],"virtuals":["c","cxx"]}},{"name":"gcc-runtime","hash":"swzzlz3ox4kierj7njngro53kixbpke2","parameters":{"deptypes":["link"],"virtuals":[]}},{"name":"glibc","hash":"thy5vqoaouxdwkh5hofjegtbqsl7r25d","parameters":{"deptypes":["link"],"virtuals":["libc"]}},{"name":"gmake","hash":"jepm6yyu5xaigwgyedmkyir34nofvkcm","parameters":{"deptypes":["build"],"virtuals":[]}}],"annotations":{"original_specfile_version":5},"hash":"ktdh5q2seehihqwgpzldnqmzenmy3re7"},"26busrpemuzmf2igv2xzyt72hacdcf66":{"name":"bzip2","version":"1.0.8","arch":{"platform":"linux","platform_os":"ubuntu24.04","target":"x86_64"},"namespace":"builtin","parameters":{"build_system":"generic","debug":false,"pic":false,"shared":true,"cflags":[],"cppflags":[],"cxxflags":[],"fflags":[],"ldflags":[],"ldlibs":[]},"package_hash":"23pafj3kmpyregjxpmso3hf2q5op467msdhghyksoj2sv75ixqga====","dependencies":[{"name":"compiler-wrapper","hash":"adr4m722sut3yibwgl2ehvjbtuzeozzm","parameters":{"deptypes":["build"],"virtuals":[]}},{"name":"diffutils","hash":"omessfs4aynqrdutkragscfrf6gmszqo","parameters":{"deptypes":["build"],"virtuals":[]}},{"name":"gcc","hash":"4zzwsjhxf55wvg4rpfoefqnhxdhhkepn","parameters":{"deptypes":["build"],"virtuals":["c"]}},{"name":"gcc-runtime","hash":"swzzlz3ox4kierj7njngro53kixbpke2","parameters":{"deptypes":["link"],"virtuals":[]}},{"name":"glibc","hash":"thy5vqoaouxdwkh5hofjegtbqsl7r25d","parameters":{"deptypes":["link"],"virtuals":["libc"]}},{"name":"gmake","hash":"jepm6yyu5xaigwgyedmkyir34nofvkcm","parameters":{"deptypes":["build"],"virtuals":[]}}],"annotations":{"original_specfile_version":5},"hash":"26busrpemuzmf2igv2xzyt72hacdcf66"},"cp4nlnxqdsgfmavauhx3wf6g25ukmcej":{"name":"gdbm","version":"1.23","arch":{"platform":"linux","platform_os":"ubuntu24.04","target":"x86_64"},"namespace":"builtin","parameters":{"build_system":"autotools","cflags":[],"cppflags":[],"cxxflags":[],"fflags":[],"ldflags":[],"ldlibs":[]},"package_hash":"ac4euapngqexfcsrwzn7jwesrgli6oct6sezwqb5pmrjfehc5eyq====","dependencies":[{"name":"compiler-wrapper","hash":"adr4m722sut3yibwgl2ehvjbtuzeozzm","parameters":{"deptypes":["build"],"virtuals":[]}},{"name":"gcc","hash":"4zzwsjhxf55wvg4rpfoefqnhxdhhkepn","parameters":{"deptypes":["build"],"virtuals":["c"]}},{"name":"gcc-runtime","hash":"swzzlz3ox4kierj7njngro53kixbpke2","parameters":{"deptypes":["link"],"virtuals":[]}},{"name":"glibc","hash":"thy5vqoaouxdwkh5hofjegtbqsl7r25d","parameters":{"deptypes":["link"],"virtuals":["libc"]}},{"name":"gmake","hash":"jepm6yyu5xaigwgyedmkyir34nofvkcm","parameters":{"deptypes":["build"],"virtuals":[]}},{"name":"readline","hash":"gp6jxsnasvzbpgkpomdih5bkx4jgmumh","parameters":{"deptypes":["build","link"],"virtuals":[]}}],"annotations":{"original_specfile_version":5},"hash":"cp4nlnxqdsgfmavauhx3wf6g25ukmcej"},"gp6jxsnasvzbpgkpomdih5bkx4jgmumh":{"name":"readline","version":"8.3","arch":{"platform":"linux","platform_os":"ubuntu24.04","target":"x86_64"},"namespace":"builtin","parameters":{"build_system":"autotools","patches":["21f0a03106dbe697337cd25c70eb0edbaa2bdb6d595b45f83285cdd35bac84de"],"cflags":[],"cppflags":[],"cxxflags":[],"fflags":[],"ldflags":[],"ldlibs":[]},"patches":["21f0a03106dbe697337cd25c70eb0edbaa2bdb6d595b45f83285cdd35bac84de"],"package_hash":"3bkz3xcmc2bdayaxvpyiryqhgclpc4or64q65pqdj24qona5kotq====","dependencies":[{"name":"compiler-wrapper","hash":"adr4m722sut3yibwgl2ehvjbtuzeozzm","parameters":{"deptypes":["build"],"virtuals":[]}},{"name":"gcc","hash":"4zzwsjhxf55wvg4rpfoefqnhxdhhkepn","parameters":{"deptypes":["build"],"virtuals":["c"]}},{"name":"gcc-runtime","hash":"swzzlz3ox4kierj7njngro53kixbpke2","parameters":{"deptypes":["link"],"virtuals":[]}},{"name":"glibc","hash":"thy5vqoaouxdwkh5hofjegtbqsl7r25d","parameters":{"deptypes":["link"],"virtuals":["libc"]}},{"name":"gmake","hash":"jepm6yyu5xaigwgyedmkyir34nofvkcm","parameters":{"deptypes":["build"],"virtuals":[]}},{"name":"ncurses","hash":"xnomw4pvbntpkyngshwxi5pqu4q6qq3b","parameters":{"deptypes":["build","link"],"virtuals":[]}}],"annotations":{"original_specfile_version":5},"hash":"gp6jxsnasvzbpgkpomdih5bkx4jgmumh"},"xnomw4pvbntpkyngshwxi5pqu4q6qq3b":{"name":"ncurses","version":"6.5-20250705","arch":{"platform":"linux","platform_os":"ubuntu24.04","target":"x86_64"},"namespace":"builtin","parameters":{"abi":"none","build_system":"autotools","patches":["7a351bc4953a4ab70dabdbea31c8db0c03d40ce505335f3b6687180dde24c535"],"symlinks":false,"termlib":true,"cflags":[],"cppflags":[],"cxxflags":[],"fflags":[],"ldflags":[],"ldlibs":[]},"patches":["7a351bc4953a4ab70dabdbea31c8db0c03d40ce505335f3b6687180dde24c535"],"package_hash":"iisfoewmynkxm2y4pfxa2sjzz7nokwbd7cg3lkyfkzx7aulddisq====","dependencies":[{"name":"compiler-wrapper","hash":"adr4m722sut3yibwgl2ehvjbtuzeozzm","parameters":{"deptypes":["build"],"virtuals":[]}},{"name":"gcc","hash":"4zzwsjhxf55wvg4rpfoefqnhxdhhkepn","parameters":{"deptypes":["build"],"virtuals":["c","cxx"]}},{"name":"gcc-runtime","hash":"swzzlz3ox4kierj7njngro53kixbpke2","parameters":{"deptypes":["link"],"virtuals":[]}},{"name":"glibc","hash":"thy5vqoaouxdwkh5hofjegtbqsl7r25d","parameters":{"deptypes":["link"],"virtuals":["libc"]}},{"name":"gmake","hash":"jepm6yyu5xaigwgyedmkyir34nofvkcm","parameters":{"deptypes":["build"],"virtuals":[]}},{"name":"pkgconf","hash":"y6s22357tis2z56z4d4lafxkwozvztpg","parameters":{"deptypes":["build"],"virtuals":["pkgconfig"]}}],"annotations":{"original_specfile_version":5},"hash":"xnomw4pvbntpkyngshwxi5pqu4q6qq3b"},"qcvktu2ekkzryfalsefferoyrezj3gkb":{"name":"zlib-ng","version":"2.2.4","arch":{"platform":"linux","platform_os":"ubuntu24.04","target":"x86_64"},"namespace":"builtin","parameters":{"build_system":"autotools","compat":true,"new_strategies":true,"opt":true,"pic":true,"shared":true,"cflags":[],"cppflags":[],"cxxflags":[],"fflags":[],"ldflags":[],"ldlibs":[]},"package_hash":"atlinvfh3ttnwgfvl3uftgsyhtyqhhrmvzojzrhlyebq3fbbhptq====","dependencies":[{"name":"compiler-wrapper","hash":"adr4m722sut3yibwgl2ehvjbtuzeozzm","parameters":{"deptypes":["build"],"virtuals":[]}},{"name":"gcc","hash":"4zzwsjhxf55wvg4rpfoefqnhxdhhkepn","parameters":{"deptypes":["build"],"virtuals":["c","cxx"]}},{"name":"gcc-runtime","hash":"swzzlz3ox4kierj7njngro53kixbpke2","parameters":{"deptypes":["link"],"virtuals":[]}},{"name":"glibc","hash":"thy5vqoaouxdwkh5hofjegtbqsl7r25d","parameters":{"deptypes":["link"],"virtuals":["libc"]}},{"name":"gmake","hash":"jepm6yyu5xaigwgyedmkyir34nofvkcm","parameters":{"deptypes":["build"],"virtuals":[]}}],"annotations":{"original_specfile_version":5},"hash":"qcvktu2ekkzryfalsefferoyrezj3gkb"},"y2xjskgxyxp4bc2sw6pecncb5dzohkg5":{"name":"cuda","version":"12.0","arch":{"platform":"linux","platform_os":"ubuntu24.04","target":"x86_64"},"namespace":"builtin","parameters":{"allow-unsupported-compilers":false,"build_system":"generic","dev":false,"cflags":[],"cppflags":[],"cxxflags":[],"fflags":[],"ldflags":[],"ldlibs":[]},"external":{"path":"/usr/local/cuda-12.0","module":null,"extra_attributes":{}},"package_hash":"uvp5ldk7xscuf5imcojqmmrd6qsuv6zvntb6u435qknmrep7xupq====","annotations":{"original_specfile_version":5},"hash":"y2xjskgxyxp4bc2sw6pecncb5dzohkg5"},"47aecsvim5elidtpsjnomxlitxmrgupp":{"name":"catch2","version":"3.8.0","arch":{"platform":"linux","platform_os":"ubuntu24.04","target":"x86_64"},"namespace":"builtin","parameters":{"build_system":"cmake","build_type":"Release","cxxstd":"17","generator":"make","ipo":false,"pic":true,"shared":false,"cflags":[],"cppflags":[],"cxxflags":[],"fflags":[],"ldflags":[],"ldlibs":[]},"package_hash":"3yepsk2x2gsokdpfewys73j5lg7dmg5hncgltj4bmhrffdeckona====","dependencies":[{"name":"cmake","hash":"vxh7li2okyefhvmuhkxx7f4h6nvgsqzh","parameters":{"deptypes":["build"],"virtuals":[]}},{"name":"compiler-wrapper","hash":"adr4m722sut3yibwgl2ehvjbtuzeozzm","parameters":{"deptypes":["build"],"virtuals":[]}},{"name":"gcc","hash":"4zzwsjhxf55wvg4rpfoefqnhxdhhkepn","parameters":{"deptypes":["build"],"virtuals":["cxx"]}},{"name":"gcc-runtime","hash":"swzzlz3ox4kierj7njngro53kixbpke2","parameters":{"deptypes":["link"],"virtuals":[]}},{"name":"glibc","hash":"thy5vqoaouxdwkh5hofjegtbqsl7r25d","parameters":{"deptypes":["link"],"virtuals":["libc"]}},{"name":"gmake","hash":"jepm6yyu5xaigwgyedmkyir34nofvkcm","parameters":{"deptypes":["build"],"virtuals":[]}}],"annotations":{"original_specfile_version":5},"hash":"47aecsvim5elidtpsjnomxlitxmrgupp"},"vxh7li2okyefhvmuhkxx7f4h6nvgsqzh":{"name":"cmake","version":"3.22.6","arch":{"platform":"linux","platform_os":"ubuntu24.04","target":"x86_64"},"namespace":"builtin","parameters":{"build_system":"generic","build_type":"Release","doc":false,"ncurses":true,"ownlibs":true,"patches":["dbc3892939348c71f35973dd30e74c4a84bc7a2446c6930523c9723b88a597d1","fdea723be9713f3ed4624055bf21ef5876647d63c151b91006608ec44a912ae1"],"qtgui":false,"cflags":[],"cppflags":[],"cxxflags":[],"fflags":[],"ldflags":[],"ldlibs":[]},"patches":["dbc3892939348c71f35973dd30e74c4a84bc7a2446c6930523c9723b88a597d1","fdea723be9713f3ed4624055bf21ef5876647d63c151b91006608ec44a912ae1"],"package_hash":"4jh7rrn67xzwqylg665mwntajvsdxao634u7dy6b42ijopawxpxq====","dependencies":[{"name":"compiler-wrapper","hash":"adr4m722sut3yibwgl2ehvjbtuzeozzm","parameters":{"deptypes":["build"],"virtuals":[]}},{"name":"curl","hash":"zb5unwhwrqbmd3u6gxvkm7pteusf3fmh","parameters":{"deptypes":["build","link"],"virtuals":[]}},{"name":"gcc","hash":"4zzwsjhxf55wvg4rpfoefqnhxdhhkepn","parameters":{"deptypes":["build"],"virtuals":["c","cxx"]}},{"name":"gcc-runtime","hash":"swzzlz3ox4kierj7njngro53kixbpke2","parameters":{"deptypes":["link"],"virtuals":[]}},{"name":"glibc","hash":"thy5vqoaouxdwkh5hofjegtbqsl7r25d","parameters":{"deptypes":["link"],"virtuals":["libc"]}},{"name":"gmake","hash":"jepm6yyu5xaigwgyedmkyir34nofvkcm","parameters":{"deptypes":["build","run"],"virtuals":[]}},{"name":"ncurses","hash":"xnomw4pvbntpkyngshwxi5pqu4q6qq3b","parameters":{"deptypes":["build","link"],"virtuals":[]}},{"name":"zlib-ng","hash":"qcvktu2ekkzryfalsefferoyrezj3gkb","parameters":{"deptypes":["build","link"],"virtuals":["zlib-api"]}}],"annotations":{"original_specfile_version":5},"hash":"vxh7li2okyefhvmuhkxx7f4h6nvgsqzh"}}}